// !$*UTF8*$!
{
	archiveVersion = 1;
	classes = {
	};
	objectVersion = 77;
	objects = {

/* Begin PBXBuildFile section */
		B7394FF7301FD6DE0004A14F /* Auth in Frameworks */ = {isa = PBXBuildFile; productRef = B7394FF6301FD6DE0004A14F /* Auth */; };
		B7394FF9301FD6DE0004A14F /* Functions in Frameworks */ = {isa = PBXBuildFile; productRef = B7394FF8301FD6DE0004A14F /* Functions */; };
		B7394FFB301FD6DE0004A14F /* PostgREST in Frameworks */ = {isa = PBXBuildFile; productRef = B7394FFA301FD6DE0004A14F /* PostgREST */; };
		B7394FFD301FD6DE0004A14F /* Realtime in Frameworks */ = {isa = PBXBuildFile; productRef = B7394FFC301FD6DE0004A14F /* Realtime */; };
		B7394FFF301FD6DE0004A14F /* Storage in Frameworks */ = {isa = PBXBuildFile; productRef = B7394FFE301FD6DE0004A14F /* Storage */; };
		B7395001301FD6DE0004A14F /* Supabase in Frameworks */ = {isa = PBXBuildFile; productRef = B7395000301FD6DE0004A14F /* Supabase */; };
		B7395004301FD7370004A14F /* GoogleSignIn in Frameworks */ = {isa = PBXBuildFile; productRef = B7395003301FD7370004A14F /* GoogleSignIn */; };
		B7395006301FD7370004A14F /* GoogleSignInSwift in Frameworks */ = {isa = PBXBuildFile; productRef = B7395005301FD7370004A14F /* GoogleSignInSwift */; };
/* End PBXBuildFile section */

/* Begin PBXFileReference section */
		B7CD46F42F88AEA90081BAC0 /* Foodie.app */ = {isa = PBXFileReference; explicitFileType = wrapper.application; includeInIndex = 0; path = Foodie.app; sourceTree = BUILT_PRODUCTS_DIR; };
/* End PBXFileReference section */

/* Begin PBXFileSystemSynchronizedBuildFileExceptionSet section */
		B7395009301FDBD10004A14F /* Exceptions for "Foodie" folder in "Foodie" target */ = {
			isa = PBXFileSystemSynchronizedBuildFileExceptionSet;
			membershipExceptions = (
				Info.plist,
			);
			target = B7CD46F32F88AEA90081BAC0 /* Foodie */;
		};
/* End PBXFileSystemSynchronizedBuildFileExceptionSet section */

/* Begin PBXFileSystemSynchronizedRootGroup section */
		B7CD46F62F88AEA90081BAC0 /* Foodie */ = {
			isa = PBXFileSystemSynchronizedRootGroup;
			exceptions = (
				B7395009301FDBD10004A14F /* Exceptions for "Foodie" folder in "Foodie" target */,
			);
			path = Foodie;
			sourceTree = "<group>";
		};
/* End PBXFileSystemSynchronizedRootGroup section */

/* Begin PBXFrameworksBuildPhase section */
		B7CD46F12F88AEA90081BAC0 /* Frameworks */ = {
			isa = PBXFrameworksBuildPhase;
			buildActionMask = 2147483647;
			files = (
				B7394FFB301FD6DE0004A14F /* PostgREST in Frameworks */,
				B7394FF9301FD6DE0004A14F /* Functions in Frameworks */,
				B7395001301FD6DE0004A14F /* Supabase in Frameworks */,
				B7395006301FD7370004A14F /* GoogleSignInSwift in Frameworks */,
				B7394FF7301FD6DE0004A14F /* Auth in Frameworks */,
				B7394FFF301FD6DE0004A14F /* Storage in Frameworks */,
				B7394FFD301FD6DE0004A14F /* Realtime in Frameworks */,
				B7395004301FD7370004A14F /* GoogleSignIn in Frameworks */,
			);
			runOnlyForDeploymentPostprocessing = 0;
		};
/* End PBXFrameworksBuildPhase section */

/* Begin PBXGroup section */
		B7CD46EB2F88AEA90081BAC0 = {
			isa = PBXGroup;
			children = (
				B7CD46F62F88AEA90081BAC0 /* Foodie */,
				B7CD46F52F88AEA90081BAC0 /* Products */,
			);
			sourceTree = "<group>";
		};
		B7CD46F52F88AEA90081BAC0 /* Products */ = {
			isa = PBXGroup;
			children = (
				B7CD46F42F88AEA90081BAC0 /* Foodie.app */,
			);
			name = Products;
			sourceTree = "<group>";
		};
/* End PBXGroup section */

/* Begin PBXNativeTarget section */
		B7CD46F32F88AEA90081BAC0 /* Foodie */ = {
			isa = PBXNativeTarget;
			buildConfigurationList = B7CD47042F88AEAA0081BAC0 /* Build configuration list for PBXNativeTarget "Foodie" */;
			buildPhases = (
				B7CD46F02F88AEA90081BAC0 /* Sources */,
				B7CD46F12F88AEA90081BAC0 /* Frameworks */,
				B7CD46F22F88AEA90081BAC0 /* Resources */,
			);
			buildRules = (
			);
			dependencies = (
			);
			fileSystemSynchronizedGroups = (
				B7CD46F62F88AEA90081BAC0 /* Foodie */,
			);
			name = Foodie;
			packageProductDependencies = (
				B7394FF6301FD6DE0004A14F /* Auth */,
				B7394FF8301FD6DE0004A14F /* Functions */,
				B7394FFA301FD6DE0004A14F /* PostgREST */,
				B7394FFC301FD6DE0004A14F /* Realtime */,
				B7394FFE301FD6DE0004A14F /* Storage */,
				B7395000301FD6DE0004A14F /* Supabase */,
				B7395003301FD7370004A14F /* GoogleSignIn */,
				B7395005301FD7370004A14F /* GoogleSignInSwift */,
			);
			productName = Foodie;
			productReference = B7CD46F42F88AEA90081BAC0 /* Foodie.app */;
			productType = "com.apple.product-type.application";
		};
/* End PBXNativeTarget section */

/* Begin PBXProject section */
		B7CD46EC2F88AEA90081BAC0 /* Project object */ = {
			isa = PBXProject;
			attributes = {
				BuildIndependentTargetsInParallel = 1;
				LastSwiftUpdateCheck = 2630;
				LastUpgradeCheck = 2630;
				TargetAttributes = {
					B7CD46F32F88AEA90081BAC0 = {
						CreatedOnToolsVersion = 26.3;
					};
				};
			};
			buildConfigurationList = B7CD46EF2F88AEA90081BAC0 /* Build configuration list for PBXProject "Foodie" */;
			developmentRegion = en;
			hasScannedForEncodings = 0;
			knownRegions = (
				en,
				Base,
			);
			mainGroup = B7CD46EB2F88AEA90081BAC0;
			minimizedProjectReferenceProxies = 1;
			packageReferences = (
				B7394FF5301FD6DE0004A14F /* XCRemoteSwiftPackageReference "supabase-swift" */,
				B7395002301FD7370004A14F /* XCRemoteSwiftPackageReference "GoogleSignIn-iOS" */,
			);
			preferredProjectObjectVersion = 77;
			productRefGroup = B7CD46F52F88AEA90081BAC0 /* Products */;
			projectDirPath = "";
			projectRoot = "";
			targets = (
				B7CD46F32F88AEA90081BAC0 /* Foodie */,
			);
		};
/* End PBXProject section */

/* Begin PBXResourcesBuildPhase section */
		B7CD46F22F88AEA90081BAC0 /* Resources */ = {
			isa = PBXResourcesBuildPhase;
			buildActionMask = 2147483647;
			files = (
			);
			runOnlyForDeploymentPostprocessing = 0;
		};
/* End PBXResourcesBuildPhase section */

/* Begin PBXSourcesBuildPhase section */
		B7CD46F02F88AEA90081BAC0 /* Sources */ = {
			isa = PBXSourcesBuildPhase;
			buildActionMask = 2147483647;
			files = (
			);
			runOnlyForDeploymentPostprocessing = 0;
		};
/* End PBXSourcesBuildPhase section */

/* Begin XCBuildConfiguration section */
		B7CD47022F88AEAA0081BAC0 /* Debug */ = {
			isa = XCBuildConfiguration;
			buildSettings = {
				ALWAYS_SEARCH_USER_PATHS = NO;
				ASSETCATALOG_COMPILER_GENERATE_SWIFT_ASSET_SYMBOL_EXTENSIONS = YES;
				CLANG_ANALYZER_NONNULL = YES;
				CLANG_ANALYZER_NUMBER_OBJECT_CONVERSION = YES_AGGRESSIVE;
				CLANG_CXX_LANGUAGE_STANDARD = "gnu++20";
				CLANG_ENABLE_MODULES = YES;
				CLANG_ENABLE_OBJC_ARC = YES;
				CLANG_ENABLE_OBJC_WEAK = YES;
				CLANG_WARN_BLOCK_CAPTURE_AUTORELEASING = YES;
				CLANG_WARN_BOOL_CONVERSION = YES;
				CLANG_WARN_COMMA = YES;
				CLANG_WARN_CONSTANT_CONVERSION = YES;
				CLANG_WARN_DEPRECATED_OBJC_IMPLEMENTATIONS = YES;
				CLANG_WARN_DIRECT_OBJC_ISA_USAGE = YES_ERROR;
				CLANG_WARN_DOCUMENTATION_COMMENTS = YES;
				CLANG_WARN_EMPTY_BODY = YES;
				CLANG_WARN_ENUM_CONVERSION = YES;
				CLANG_WARN_INFINITE_RECURSION = YES;
				CLANG_WARN_INT_CONVERSION = YES;
				CLANG_WARN_NON_LITERAL_NULL_CONVERSION = YES;
				CLANG_WARN_OBJC_IMPLICIT_RETAIN_SELF = YES;
				CLANG_WARN_OBJC_LITERAL_CONVERSION = YES;
				CLANG_WARN_OBJC_ROOT_CLASS = YES_ERROR;
				CLANG_WARN_QUOTED_INCLUDE_IN_FRAMEWORK_HEADER = YES;
				CLANG_WARN_RANGE_LOOP_ANALYSIS = YES;
				CLANG_WARN_STRICT_PROTOTYPES = YES;
				CLANG_WARN_SUSPICIOUS_MOVE = YES;
				CLANG_WARN_UNGUARDED_AVAILABILITY = YES_AGGRESSIVE;
				CLANG_WARN_UNREACHABLE_CODE = YES;
				CLANG_WARN__DUPLICATE_METHOD_MATCH = YES;
				COPY_PHASE_STRIP = NO;
				DEBUG_INFORMATION_FORMAT = dwarf;
				ENABLE_STRICT_OBJC_MSGSEND = YES;
				ENABLE_TESTABILITY = YES;
				ENABLE_USER_SCRIPT_SANDBOXING = YES;
				GCC_C_LANGUAGE_STANDARD = gnu17;
				GCC_DYNAMIC_NO_PIC = NO;
				GCC_NO_COMMON_BLOCKS = YES;
				GCC_OPTIMIZATION_LEVEL = 0;
				GCC_PREPROCESSOR_DEFINITIONS = (
					"DEBUG=1",
					"$(inherited)",
				);
				GCC_WARN_64_TO_32_BIT_CONVERSION = YES;
				GCC_WARN_ABOUT_RETURN_TYPE = YES_ERROR;
				GCC_WARN_UNDECLARED_SELECTOR = YES;
				GCC_WARN_UNINITIALIZED_AUTOS = YES_AGGRESSIVE;
				GCC_WARN_UNUSED_FUNCTION = YES;
				GCC_WARN_UNUSED_VARIABLE = YES;
				IPHONEOS_DEPLOYMENT_TARGET = 26.0;
				LOCALIZATION_PREFERS_STRING_CATALOGS = YES;
				MTL_ENABLE_DEBUG_INFO = INCLUDE_SOURCE;
				MTL_FAST_MATH = YES;
				ONLY_ACTIVE_ARCH = YES;
				SDKROOT = iphoneos;
				SWIFT_ACTIVE_COMPILATION_CONDITIONS = "DEBUG $(inherited)";
				SWIFT_OPTIMIZATION_LEVEL = "-Onone";
			};
			name = Debug;
		};
		B7CD47032F88AEAA0081BAC0 /* Release */ = {
			isa = XCBuildConfiguration;
			buildSettings = {
				ALWAYS_SEARCH_USER_PATHS = NO;
				ASSETCATALOG_COMPILER_GENERATE_SWIFT_ASSET_SYMBOL_EXTENSIONS = YES;
				CLANG_ANALYZER_NONNULL = YES;
				CLANG_ANALYZER_NUMBER_OBJECT_CONVERSION = YES_AGGRESSIVE;
				CLANG_CXX_LANGUAGE_STANDARD = "gnu++20";
				CLANG_ENABLE_MODULES = YES;
				CLANG_ENABLE_OBJC_ARC = YES;
				CLANG_ENABLE_OBJC_WEAK = YES;
				CLANG_WARN_BLOCK_CAPTURE_AUTORELEASING = YES;
				CLANG_WARN_BOOL_CONVERSION = YES;
				CLANG_WARN_COMMA = YES;
				CLANG_WARN_CONSTANT_CONVERSION = YES;
				CLANG_WARN_DEPRECATED_OBJC_IMPLEMENTATIONS = YES;
				CLANG_WARN_DIRECT_OBJC_ISA_USAGE = YES_ERROR;
				CLANG_WARN_DOCUMENTATION_COMMENTS = YES;
				CLANG_WARN_EMPTY_BODY = YES;
				CLANG_WARN_ENUM_CONVERSION = YES;
				CLANG_WARN_INFINITE_RECURSION = YES;
				CLANG_WARN_INT_CONVERSION = YES;
				CLANG_WARN_NON_LITERAL_NULL_CONVERSION = YES;
				CLANG_WARN_OBJC_IMPLICIT_RETAIN_SELF = YES;
				CLANG_WARN_OBJC_LITERAL_CONVERSION = YES;
				CLANG_WARN_OBJC_ROOT_CLASS = YES_ERROR;
				CLANG_WARN_QUOTED_INCLUDE_IN_FRAMEWORK_HEADER = YES;
				CLANG_WARN_RANGE_LOOP_ANALYSIS = YES;
				CLANG_WARN_STRICT_PROTOTYPES = YES;
				CLANG_WARN_SUSPICIOUS_MOVE = YES;
				CLANG_WARN_UNGUARDED_AVAILABILITY = YES_AGGRESSIVE;
				CLANG_WARN_UNREACHABLE_CODE = YES;
				CLANG_WARN__DUPLICATE_METHOD_MATCH = YES;
				COPY_PHASE_STRIP = NO;
				DEBUG_INFORMATION_FORMAT = "dwarf-with-dsym";
				ENABLE_NS_ASSERTIONS = NO;
				ENABLE_STRICT_OBJC_MSGSEND = YES;
				ENABLE_USER_SCRIPT_SANDBOXING = YES;
				GCC_C_LANGUAGE_STANDARD = gnu17;
				GCC_NO_COMMON_BLOCKS = YES;
				GCC_WARN_64_TO_32_BIT_CONVERSION = YES;
				GCC_WARN_ABOUT_RETURN_TYPE = YES_ERROR;
				GCC_WARN_UNDECLARED_SELECTOR = YES;
				GCC_WARN_UNINITIALIZED_AUTOS = YES_AGGRESSIVE;
				GCC_WARN_UNUSED_FUNCTION = YES;
				GCC_WARN_UNUSED_VARIABLE = YES;
				IPHONEOS_DEPLOYMENT_TARGET = 26.0;
				LOCALIZATION_PREFERS_STRING_CATALOGS = YES;
				MTL_ENABLE_DEBUG_INFO = NO;
				MTL_FAST_MATH = YES;
				SDKROOT = iphoneos;
				SWIFT_COMPILATION_MODE = wholemodule;
				VALIDATE_PRODUCT = YES;
			};
			name = Release;
		};
		B7CD47052F88AEAA0081BAC0 /* Debug */ = {
			isa = XCBuildConfiguration;
			buildSettings = {
				ASSETCATALOG_COMPILER_APPICON_NAME = AppIcon;
				ASSETCATALOG_COMPILER_GLOBAL_ACCENT_COLOR_NAME = AccentColor;
				CODE_SIGN_ENTITLEMENTS = Foodie/Foodie.entitlements;
				CODE_SIGN_STYLE = Automatic;
				CURRENT_PROJECT_VERSION = 1;
				DEVELOPMENT_TEAM = 8943T9GWZR;
				ENABLE_PREVIEWS = YES;
				GENERATE_INFOPLIST_FILE = YES;
				INFOPLIST_FILE = Foodie/Info.plist;
				INFOPLIST_KEY_CFBundleDisplayName = Foodies;
				INFOPLIST_KEY_UIApplicationSceneManifest_Generation = YES;
				INFOPLIST_KEY_UIApplicationSupportsIndirectInputEvents = YES;
				INFOPLIST_KEY_UILaunchScreen_Generation = YES;
				INFOPLIST_KEY_UISupportedInterfaceOrientations_iPad = "UIInterfaceOrientationPortrait UIInterfaceOrientationPortraitUpsideDown UIInterfaceOrientationLandscapeLeft UIInterfaceOrientationLandscapeRight";
				INFOPLIST_KEY_UISupportedInterfaceOrientations_iPhone = "UIInterfaceOrientationPortrait UIInterfaceOrientationLandscapeLeft UIInterfaceOrientationLandscapeRight";
				LD_RUNPATH_SEARCH_PATHS = (
					"$(inherited)",
					"@executable_path/Frameworks",
				);
				MARKETING_VERSION = 1.0;
				PRODUCT_BUNDLE_IDENTIFIER = jrtate.Foodie;
				PRODUCT_NAME = "$(TARGET_NAME)";
				STRING_CATALOG_GENERATE_SYMBOLS = YES;
				SWIFT_APPROACHABLE_CONCURRENCY = YES;
				SWIFT_DEFAULT_ACTOR_ISOLATION = MainActor;
				SWIFT_EMIT_LOC_STRINGS = YES;
				SWIFT_UPCOMING_FEATURE_MEMBER_IMPORT_VISIBILITY = YES;
				SWIFT_VERSION = 5.0;
				TARGETED_DEVICE_FAMILY = "1,2";
			};
			name = Debug;
		};
		B7CD47062F88AEAA0081BAC0 /* Release */ = {
			isa = XCBuildConfiguration;
			buildSettings = {
				ASSETCATALOG_COMPILER_APPICON_NAME = AppIcon;
				ASSETCATALOG_COMPILER_GLOBAL_ACCENT_COLOR_NAME = AccentColor;
				CODE_SIGN_ENTITLEMENTS = Foodie/Foodie.entitlements;
				CODE_SIGN_STYLE = Automatic;
				CURRENT_PROJECT_VERSION = 1;
				DEVELOPMENT_TEAM = 8943T9GWZR;
				ENABLE_PREVIEWS = YES;
				GENERATE_INFOPLIST_FILE = YES;
				INFOPLIST_FILE = Foodie/Info.plist;
				INFOPLIST_KEY_CFBundleDisplayName = Foodies;
				INFOPLIST_KEY_UIApplicationSceneManifest_Generation = YES;
				INFOPLIST_KEY_UIApplicationSupportsIndirectInputEvents = YES;
				INFOPLIST_KEY_UILaunchScreen_Generation = YES;
				INFOPLIST_KEY_UISupportedInterfaceOrientations_iPad = "UIInterfaceOrientationPortrait UIInterfaceOrientationPortraitUpsideDown UIInterfaceOrientationLandscapeLeft UIInterfaceOrientationLandscapeRight";
				INFOPLIST_KEY_UISupportedInterfaceOrientations_iPhone = "UIInterfaceOrientationPortrait UIInterfaceOrientationLandscapeLeft UIInterfaceOrientationLandscapeRight";
				LD_RUNPATH_SEARCH_PATHS = (
					"$(inherited)",
					"@executable_path/Frameworks",
				);
				MARKETING_VERSION = 1.0;
				PRODUCT_BUNDLE_IDENTIFIER = jrtate.Foodie;
				PRODUCT_NAME = "$(TARGET_NAME)";
				STRING_CATALOG_GENERATE_SYMBOLS = YES;
				SWIFT_APPROACHABLE_CONCURRENCY = YES;
				SWIFT_DEFAULT_ACTOR_ISOLATION = MainActor;
				SWIFT_EMIT_LOC_STRINGS = YES;
				SWIFT_UPCOMING_FEATURE_MEMBER_IMPORT_VISIBILITY = YES;
				SWIFT_VERSION = 5.0;
				TARGETED_DEVICE_FAMILY = "1,2";
			};
			name = Release;
		};
/* End XCBuildConfiguration section */

/* Begin XCConfigurationList section */
		B7CD46EF2F88AEA90081BAC0 /* Build configuration list for PBXProject "Foodie" */ = {
			isa = XCConfigurationList;
			buildConfigurations = (
				B7CD47022F88AEAA0081BAC0 /* Debug */,
				B7CD47032F88AEAA0081BAC0 /* Release */,
			);
			defaultConfigurationIsVisible = 0;
			defaultConfigurationName = Release;
		};
		B7CD47042F88AEAA0081BAC0 /* Build configuration list for PBXNativeTarget "Foodie" */ = {
			isa = XCConfigurationList;
			buildConfigurations = (
				B7CD47052F88AEAA0081BAC0 /* Debug */,
				B7CD47062F88AEAA0081BAC0 /* Release */,
			);
			defaultConfigurationIsVisible = 0;
			defaultConfigurationName = Release;
		};
/* End XCConfigurationList section */

/* Begin XCRemoteSwiftPackageReference section */
		B7394FF5301FD6DE0004A14F /* XCRemoteSwiftPackageReference "supabase-swift" */ = {
			isa = XCRemoteSwiftPackageReference;
			repositoryURL = "https://github.com/supabase/supabase-swift";
			requirement = {
				kind = upToNextMajorVersion;
				minimumVersion = 2.5.3;
			};
		};
		B7395002301FD7370004A14F /* XCRemoteSwiftPackageReference "GoogleSignIn-iOS" */ = {
			isa = XCRemoteSwiftPackageReference;
			repositoryURL = "https://github.com/google/GoogleSignIn-iOS";
			requirement = {
				kind = upToNextMajorVersion;
				minimumVersion = 9.0.0;
			};
		};
/* End XCRemoteSwiftPackageReference section */

/* Begin XCSwiftPackageProductDependency section */
		B7394FF6301FD6DE0004A14F /* Auth */ = {
			isa = XCSwiftPackageProductDependency;
			package = B7394FF5301FD6DE0004A14F /* XCRemoteSwiftPackageReference "supabase-swift" */;
			productName = Auth;
		};
		B7394FF8301FD6DE0004A14F /* Functions */ = {
			isa = XCSwiftPackageProductDependency;
			package = B7394FF5301FD6DE0004A14F /* XCRemoteSwiftPackageReference "supabase-swift" */;
			productName = Functions;
		};
		B7394FFA301FD6DE0004A14F /* PostgREST */ = {
			isa = XCSwiftPackageProductDependency;
			package = B7394FF5301FD6DE0004A14F /* XCRemoteSwiftPackageReference "supabase-swift" */;
			productName = PostgREST;
		};
		B7394FFC301FD6DE0004A14F /* Realtime */ = {
			isa = XCSwiftPackageProductDependency;
			package = B7394FF5301FD6DE0004A14F /* XCRemoteSwiftPackageReference "supabase-swift" */;
			productName = Realtime;
		};
		B7394FFE301FD6DE0004A14F /* Storage */ = {
			isa = XCSwiftPackageProductDependency;
			package = B7394FF5301FD6DE0004A14F /* XCRemoteSwiftPackageReference "supabase-swift" */;
			productName = Storage;
		};
		B7395000301FD6DE0004A14F /* Supabase */ = {
			isa = XCSwiftPackageProductDependency;
			package = B7394FF5301FD6DE0004A14F /* XCRemoteSwiftPackageReference "supabase-swift" */;
			productName = Supabase;
		};
		B7395003301FD7370004A14F /* GoogleSignIn */ = {
			isa = XCSwiftPackageProductDependency;
			package = B7395002301FD7370004A14F /* XCRemoteSwiftPackageReference "GoogleSignIn-iOS" */;
			productName = GoogleSignIn;
		};
		B7395005301FD7370004A14F /* GoogleSignInSwift */ = {
			isa = XCSwiftPackageProductDependency;
			package = B7395002301FD7370004A14F /* XCRemoteSwiftPackageReference "GoogleSignIn-iOS" */;
			productName = GoogleSignInSwift;
		};
/* End XCSwiftPackageProductDependency section */
	};
	rootObject = B7CD46EC2F88AEA90081BAC0 /* Project object */;
}
